
Microsoft Visual Studio Solution File, Format Version 12.00
# Visual Studio 15
Project("{FAE04EC0-301F-11D3-BF4B-00C04F79EFBC}") = "UGLF", "UGLF.csproj", "{A75391B7-D6A2-02C5-89BC-F9A0A891408B}"
EndProject
Project("{FAE04EC0-301F-11D3-BF4B-00C04F79EFBC}") = "UGLF.Editor", "UGLF.Editor.csproj", "{A96AA493-90C5-87AA-186D-74A07CD56133}"
EndProject
Global
	GlobalSection(SolutionConfigurationPlatforms) = preSolution
		Debug|Any CPU = Debug|Any CPU
		Release|Any CPU = Release|Any CPU
	EndGlobalSection
	GlobalSection(ProjectConfigurationPlatforms) = postSolution
		{A75391B7-D6A2-02C5-89BC-F9A0A891408B}.Debug|Any CPU.ActiveCfg = Debug|Any CPU
		{A75391B7-D6A2-02C5-89BC-F9A0A891408B}.Debug|Any CPU.Build.0 = Debug|Any CPU
		{A75391B7-D6A2-02C5-89BC-F9A0A891408B}.Release|Any CPU.ActiveCfg = Release|Any CPU
		{A75391B7-D6A2-02C5-89BC-F9A0A891408B}.Release|Any CPU.Build.0 = Release|Any CPU
		{A96AA493-90C5-87AA-186D-74A07CD56133}.Debug|Any CPU.ActiveCfg = Debug|Any CPU
		{A96AA493-90C5-87AA-186D-74A07CD56133}.Debug|Any CPU.Build.0 = Debug|Any CPU
		{A96AA493-90C5-87AA-186D-74A07CD56133}.Release|Any CPU.ActiveCfg = Release|Any CPU
		{A96AA493-90C5-87AA-186D-74A07CD56133}.Release|Any CPU.Build.0 = Release|Any CPU
	EndGlobalSection
	GlobalSection(SolutionProperties) = preSolution
		HideSolutionNode = FALSE
	EndGlobalSection
EndGlobal
